
Microsoft Visual Studio Solution File, Format Version 12.00
# Visual Studio 15
VisualStudioVersion = 15.0.27703.2042
MinimumVisualStudioVersion = 10.0.40219.1
Project("{FAE04EC0-301F-11D3-BF4B-00C04F79EFBC}") = "MortageWebsite", "MortageWebsite\MortageWebsite.csproj", "{A6A3CC49-DC7C-47D8-A809-ADB8AE36FD34}"
EndProject
Global
	GlobalSection(SolutionConfigurationPlatforms) = preSolution
		Debug|Any CPU = Debug|Any CPU
		Release|Any CPU = Release|Any CPU
	EndGlobalSection
	GlobalSection(ProjectConfigurationPlatforms) = postSolution
		{A6A3CC49-DC7C-47D8-A809-ADB8AE36FD34}.Debug|Any CPU.ActiveCfg = Debug|Any CPU
		{A6A3CC49-DC7C-47D8-A809-ADB8AE36FD34}.Debug|Any CPU.Build.0 = Debug|Any CPU
		{A6A3CC49-DC7C-47D8-A809-ADB8AE36FD34}.Release|Any CPU.ActiveCfg = Release|Any CPU
		{A6A3CC49-DC7C-47D8-A809-ADB8AE36FD34}.Release|Any CPU.Build.0 = Release|Any CPU
	EndGlobalSection
	GlobalSection(SolutionProperties) = preSolution
		HideSolutionNode = FALSE
	EndGlobalSection
	GlobalSection(ExtensibilityGlobals) = postSolution
		SolutionGuid = {BABC8B1A-214F-4271-97D9-302F51489861}
	EndGlobalSection
EndGlobal
