
Microsoft Visual Studio Solution File, Format Version 12.00
# Visual Studio 15
VisualStudioVersion = 15.0.27703.2042
MinimumVisualStudioVersion = 10.0.40219.1
Project("{FAE04EC0-301F-11D3-BF4B-00C04F79EFBC}") = "MortgageFront", "MortgageFront\MortgageFront.csproj", "{2771D420-46CD-4D25-A285-AAD650970289}"
EndProject
Global
	GlobalSection(SolutionConfigurationPlatforms) = preSolution
		Debug|Any CPU = Debug|Any CPU
		Release|Any CPU = Release|Any CPU
	EndGlobalSection
	GlobalSection(ProjectConfigurationPlatforms) = postSolution
		{2771D420-46CD-4D25-A285-AAD650970289}.Debug|Any CPU.ActiveCfg = Debug|Any CPU
		{2771D420-46CD-4D25-A285-AAD650970289}.Debug|Any CPU.Build.0 = Debug|Any CPU
		{2771D420-46CD-4D25-A285-AAD650970289}.Release|Any CPU.ActiveCfg = Release|Any CPU
		{2771D420-46CD-4D25-A285-AAD650970289}.Release|Any CPU.Build.0 = Release|Any CPU
	EndGlobalSection
	GlobalSection(SolutionProperties) = preSolution
		HideSolutionNode = FALSE
	EndGlobalSection
	GlobalSection(ExtensibilityGlobals) = postSolution
		SolutionGuid = {0ED188BD-3B9D-42AC-B5CF-5D11957B310D}
	EndGlobalSection
EndGlobal
